# THIS IS AN AUTOGENERATED FILE. DO NOT EDIT THIS FILE DIRECTLY.
# yarn lockfile v1


"@babel/helper-validator-identifier@^7.12.11":
  version "7.12.11"
  resolved "https://registry.npmjs.org/@babel/helper-validator-identifier/-/helper-validator-identifier-7.12.11.tgz"
  integrity sha512-np/lG3uARFybkoHokJUmf1QfEvRVCPbmQeUQpKow5cQ3xWrV9i3rUHodKDJPQfTVX61qKi+UdYk8kik84n7XOw==

"@babel/parser@^7.12.0", "@babel/parser@^7.13.9":
  version "7.13.16"
  resolved "https://registry.npmjs.org/@babel/parser/-/parser-7.13.16.tgz"
  integrity sha512-6bAg36mCwuqLO0hbR+z7PHuqWiCeP7Dzg73OpQwsAB1Eb8HnGEz5xYBzCfbu+YjoaJsJs+qheDxVAuqbt3ILEw==

"@babel/types@^7.12.0", "@babel/types@^7.13.0":
  version "7.13.17"
  resolved "https://registry.npmjs.org/@babel/types/-/types-7.13.17.tgz"
  integrity sha512-RawydLgxbOPDlTLJNtoIypwdmAy//uQIzlKt2+iBiJaRlVuI6QLUxVAyWGNfOzp8Yu4L4lLIacoCyTNtpb4wiA==
  dependencies:
    "@babel/helper-validator-identifier" "^7.12.11"
    to-fast-properties "^2.0.0"

"@fortawesome/fontawesome-common-types@^0.2.35":
  version "0.2.35"
  resolved "https://registry.npmjs.org/@fortawesome/fontawesome-common-types/-/fontawesome-common-types-0.2.35.tgz"
  integrity sha512-IHUfxSEDS9dDGqYwIW7wTN6tn/O8E0n5PcAHz9cAaBoZw6UpG20IG/YM3NNLaGPwPqgjBAFjIURzqoQs3rrtuw==

"@fortawesome/fontawesome-free@^5.15.3":
  version "5.15.3"
  resolved "https://registry.npmjs.org/@fortawesome/fontawesome-free/-/fontawesome-free-5.15.3.tgz"
  integrity sha512-rFnSUN/QOtnOAgqFRooTA3H57JLDm0QEG/jPdk+tLQNL/eWd+Aok8g3qCI+Q1xuDPWpGW/i9JySpJVsq8Q0s9w==

"@fortawesome/fontawesome-svg-core@^1.2.35":
  version "1.2.35"
  resolved "https://registry.npmjs.org/@fortawesome/fontawesome-svg-core/-/fontawesome-svg-core-1.2.35.tgz"
  integrity sha512-uLEXifXIL7hnh2sNZQrIJWNol7cTVIzwI+4qcBIq9QWaZqUblm0IDrtSqbNg+3SQf8SMGHkiSigD++rHmCHjBg==
  dependencies:
    "@fortawesome/fontawesome-common-types" "^0.2.35"

"@fortawesome/free-solid-svg-icons@^5.15.3":
  version "5.15.3"
  resolved "https://registry.npmjs.org/@fortawesome/free-solid-svg-icons/-/free-solid-svg-icons-5.15.3.tgz"
  integrity sha512-XPeeu1IlGYqz4VWGRAT5ukNMd4VHUEEJ7ysZ7pSSgaEtNvSo+FLurybGJVmiqkQdK50OkSja2bfZXOeyMGRD8Q==
  dependencies:
    "@fortawesome/fontawesome-common-types" "^0.2.35"

"@fortawesome/vue-fontawesome@^3.0.0-3":
  version "3.0.0-3"
  resolved "https://registry.npmjs.org/@fortawesome/vue-fontawesome/-/vue-fontawesome-3.0.0-3.tgz"
  integrity sha512-fCM7+R9M7Y/ipKC5n9hukGpJHhe53JOENGqtku/KWtpXsnbGik3AS5zfJYEupV2uXOw/5S0RSSfttQ2hNIrmFA==

"@vitejs/plugin-vue@^1.2.2":
  version "1.2.2"
  resolved "https://registry.npmjs.org/@vitejs/plugin-vue/-/plugin-vue-1.2.2.tgz"
  integrity sha512-5BI2WFfs/Z0pAV4S/IQf1oH3bmFYlL5ATMBHgTt1Lf7hAnfpNd5oUAAs6hZPfk3QhvyUQgtk0rJBlabwNFcBJQ==

"@vue/compiler-core@3.0.11":
  version "3.0.11"
  resolved "https://registry.npmjs.org/@vue/compiler-core/-/compiler-core-3.0.11.tgz"
  integrity sha512-6sFj6TBac1y2cWCvYCA8YzHJEbsVkX7zdRs/3yK/n1ilvRqcn983XvpBbnN3v4mZ1UiQycTvOiajJmOgN9EVgw==
  dependencies:
    "@babel/parser" "^7.12.0"
    "@babel/types" "^7.12.0"
    "@vue/shared" "3.0.11"
    estree-walker "^2.0.1"
    source-map "^0.6.1"

"@vue/compiler-dom@3.0.11":
  version "3.0.11"
  resolved "https://registry.npmjs.org/@vue/compiler-dom/-/compiler-dom-3.0.11.tgz"
  integrity sha512-+3xB50uGeY5Fv9eMKVJs2WSRULfgwaTJsy23OIltKgMrynnIj8hTYY2UL97HCoz78aDw1VDXdrBQ4qepWjnQcw==
  dependencies:
    "@vue/compiler-core" "3.0.11"
    "@vue/shared" "3.0.11"

"@vue/compiler-sfc@^3.0.5":
  version "3.0.11"
  resolved "https://registry.npmjs.org/@vue/compiler-sfc/-/compiler-sfc-3.0.11.tgz"
  integrity sha512-7fNiZuCecRleiyVGUWNa6pn8fB2fnuJU+3AGjbjl7r1P5wBivfl02H4pG+2aJP5gh2u+0wXov1W38tfWOphsXw==
  dependencies:
    "@babel/parser" "^7.13.9"
    "@babel/types" "^7.13.0"
    "@vue/compiler-core" "3.0.11"
    "@vue/compiler-dom" "3.0.11"
    "@vue/compiler-ssr" "3.0.11"
    "@vue/shared" "3.0.11"
    consolidate "^0.16.0"
    estree-walker "^2.0.1"
    hash-sum "^2.0.0"
    lru-cache "^5.1.1"
    magic-string "^0.25.7"
    merge-source-map "^1.1.0"
    postcss "^8.1.10"
    postcss-modules "^4.0.0"
    postcss-selector-parser "^6.0.4"
    source-map "^0.6.1"

"@vue/compiler-ssr@3.0.11":
  version "3.0.11"
  resolved "https://registry.npmjs.org/@vue/compiler-ssr/-/compiler-ssr-3.0.11.tgz"
  integrity sha512-66yUGI8SGOpNvOcrQybRIhl2M03PJ+OrDPm78i7tvVln86MHTKhM3ERbALK26F7tXl0RkjX4sZpucCpiKs3MnA==
  dependencies:
    "@vue/compiler-dom" "3.0.11"
    "@vue/shared" "3.0.11"

"@vue/reactivity@3.0.11":
  version "3.0.11"
  resolved "https://registry.npmjs.org/@vue/reactivity/-/reactivity-3.0.11.tgz"
  integrity sha512-SKM3YKxtXHBPMf7yufXeBhCZ4XZDKP9/iXeQSC8bBO3ivBuzAi4aZi0bNoeE2IF2iGfP/AHEt1OU4ARj4ao/Xw==
  dependencies:
    "@vue/shared" "3.0.11"

"@vue/runtime-core@3.0.11":
  version "3.0.11"
  resolved "https://registry.npmjs.org/@vue/runtime-core/-/runtime-core-3.0.11.tgz"
  integrity sha512-87XPNwHfz9JkmOlayBeCCfMh9PT2NBnv795DSbi//C/RaAnc/bGZgECjmkD7oXJ526BZbgk9QZBPdFT8KMxkAg==
  dependencies:
    "@vue/reactivity" "3.0.11"
    "@vue/shared" "3.0.11"

"@vue/runtime-dom@3.0.11":
  version "3.0.11"
  resolved "https://registry.npmjs.org/@vue/runtime-dom/-/runtime-dom-3.0.11.tgz"
  integrity sha512-jm3FVQESY3y2hKZ2wlkcmFDDyqaPyU3p1IdAX92zTNeCH7I8zZ37PtlE1b9NlCtzV53WjB4TZAYh9yDCMIEumA==
  dependencies:
    "@vue/runtime-core" "3.0.11"
    "@vue/shared" "3.0.11"
    csstype "^2.6.8"

"@vue/shared@3.0.11":
  version "3.0.11"
  resolved "https://registry.npmjs.org/@vue/shared/-/shared-3.0.11.tgz"
  integrity sha512-b+zB8A2so8eCE0JsxjL24J7vdGl8rzPQ09hZNhystm+KqSbKcAej1A+Hbva1rCMmTTqA+hFnUSDc5kouEo0JzA==

axios@^0.21.2:
  version "0.21.2"
  resolved "https://registry.yarnpkg.com/axios/-/axios-0.21.2.tgz#21297d5084b2aeeb422f5d38e7be4fbb82239017"
  integrity sha512-87otirqUw3e8CzHTMO+/9kh/FSgXt/eVDvipijwDtEuwbkySWZ9SBm6VEubmJ/kLKEoLQV/POhxXFb66bfekfg==
  dependencies:
    follow-redirects "^1.14.0"

babel-plugin-add-module-exports@^0.2.1:
  version "0.2.1"
  resolved "https://registry.npmjs.org/babel-plugin-add-module-exports/-/babel-plugin-add-module-exports-0.2.1.tgz"
  integrity sha1-mumh9KjcZ/DN7E9K7aHkOl/2XiU=

big.js@^5.2.2:
  version "5.2.2"
  resolved "https://registry.npmjs.org/big.js/-/big.js-5.2.2.tgz"
  integrity sha512-vyL2OymJxmarO8gxMr0mhChsO9QGwhynfuu4+MHTAW6czfq9humCB7rKpUjDd9YUiDPU4mzpyupFSvOClAwbmQ==

bluebird@^3.7.2:
  version "3.7.2"
  resolved "https://registry.npmjs.org/bluebird/-/bluebird-3.7.2.tgz"
  integrity sha512-XpNj6GDQzdfW+r2Wnn7xiSAd7TM3jzkxGXBGTtWKuSXv1xUV+azxAm8jdWZN06QTQk+2N2XB9jRDkvbmQmcRtg==

body-scroll-lock@^2.6.4:
  version "2.7.1"
  resolved "https://registry.yarnpkg.com/body-scroll-lock/-/body-scroll-lock-2.7.1.tgz#caf3f9c91773af1ffb684cd66ed9137b5b737014"
  integrity sha512-hS53SQ8RhM0e4DsQ3PKz6Gr2O7Kpdh59TWU98GHjaQznL7y4dFycEPk7pFQAikqBaUSCArkc5E3pe7CWIt2fZA==

consolidate@^0.16.0:
  version "0.16.0"
  resolved "https://registry.npmjs.org/consolidate/-/consolidate-0.16.0.tgz"
  integrity sha512-Nhl1wzCslqXYTJVDyJCu3ODohy9OfBMB5uD2BiBTzd7w+QY0lBzafkR8y8755yMYHAaMD4NuzbAw03/xzfw+eQ==
  dependencies:
    bluebird "^3.7.2"

cssesc@^3.0.0:
  version "3.0.0"
  resolved "https://registry.npmjs.org/cssesc/-/cssesc-3.0.0.tgz"
  integrity sha512-/Tb/JcjK111nNScGob5MNtsntNM1aCNUDipB/TkwZFhyDrrE47SOx/18wF2bbjgc3ZzCSKW1T5nt5EbFoAz/Vg==

csstype@^2.6.8:
  version "2.6.17"
  resolved "https://registry.npmjs.org/csstype/-/csstype-2.6.17.tgz"
  integrity sha512-u1wmTI1jJGzCJzWndZo8mk4wnPTZd1eOIYTYvuEyOQGfmDl3TrabCCfKnOC86FZwW/9djqTl933UF/cS425i9A==

emojis-list@^3.0.0:
  version "3.0.0"
  resolved "https://registry.npmjs.org/emojis-list/-/emojis-list-3.0.0.tgz"
  integrity sha512-/kyM18EfinwXZbno9FyUGeFh87KC8HRQBQGildHZbEuRyWFOmv1U10o9BBp8XVZDVNNuQKyIGIu5ZYAAXJ0V2Q==

esbuild-android-arm64@0.13.15:
  version "0.13.15"
  resolved "https://registry.yarnpkg.com/esbuild-android-arm64/-/esbuild-android-arm64-0.13.15.tgz#3fc3ff0bab76fe35dd237476b5d2b32bb20a3d44"
  integrity sha512-m602nft/XXeO8YQPUDVoHfjyRVPdPgjyyXOxZ44MK/agewFFkPa8tUo6lAzSWh5Ui5PB4KR9UIFTSBKh/RrCmg==

esbuild-darwin-64@0.13.15:
  version "0.13.15"
  resolved "https://registry.yarnpkg.com/esbuild-darwin-64/-/esbuild-darwin-64-0.13.15.tgz#8e9169c16baf444eacec60d09b24d11b255a8e72"
  integrity sha512-ihOQRGs2yyp7t5bArCwnvn2Atr6X4axqPpEdCFPVp7iUj4cVSdisgvEKdNR7yH3JDjW6aQDw40iQFoTqejqxvQ==

esbuild-darwin-arm64@0.13.15:
  version "0.13.15"
  resolved "https://registry.yarnpkg.com/esbuild-darwin-arm64/-/esbuild-darwin-arm64-0.13.15.tgz#1b07f893b632114f805e188ddfca41b2b778229a"
  integrity sha512-i1FZssTVxUqNlJ6cBTj5YQj4imWy3m49RZRnHhLpefFIh0To05ow9DTrXROTE1urGTQCloFUXTX8QfGJy1P8dQ==

esbuild-freebsd-64@0.13.15:
  version "0.13.15"
  resolved "https://registry.yarnpkg.com/esbuild-freebsd-64/-/esbuild-freebsd-64-0.13.15.tgz#0b8b7eca1690c8ec94c75680c38c07269c1f4a85"
  integrity sha512-G3dLBXUI6lC6Z09/x+WtXBXbOYQZ0E8TDBqvn7aMaOCzryJs8LyVXKY4CPnHFXZAbSwkCbqiPuSQ1+HhrNk7EA==

esbuild-freebsd-arm64@0.13.15:
  version "0.13.15"
  resolved "https://registry.yarnpkg.com/esbuild-freebsd-arm64/-/esbuild-freebsd-arm64-0.13.15.tgz#2e1a6c696bfdcd20a99578b76350b41db1934e52"
  integrity sha512-KJx0fzEDf1uhNOZQStV4ujg30WlnwqUASaGSFPhznLM/bbheu9HhqZ6mJJZM32lkyfGJikw0jg7v3S0oAvtvQQ==

esbuild-linux-32@0.13.15:
  version "0.13.15"
  resolved "https://registry.yarnpkg.com/esbuild-linux-32/-/esbuild-linux-32-0.13.15.tgz#6fd39f36fc66dd45b6b5f515728c7bbebc342a69"
  integrity sha512-ZvTBPk0YWCLMCXiFmD5EUtB30zIPvC5Itxz0mdTu/xZBbbHJftQgLWY49wEPSn2T/TxahYCRDWun5smRa0Tu+g==

esbuild-linux-64@0.13.15:
  version "0.13.15"
  resolved "https://registry.yarnpkg.com/esbuild-linux-64/-/esbuild-linux-64-0.13.15.tgz#9cb8e4bcd7574e67946e4ee5f1f1e12386bb6dd3"
  integrity sha512-eCKzkNSLywNeQTRBxJRQ0jxRCl2YWdMB3+PkWFo2BBQYC5mISLIVIjThNtn6HUNqua1pnvgP5xX0nHbZbPj5oA==

esbuild-linux-arm64@0.13.15:
  version "0.13.15"
  resolved "https://registry.yarnpkg.com/esbuild-linux-arm64/-/esbuild-linux-arm64-0.13.15.tgz#3891aa3704ec579a1b92d2a586122e5b6a2bfba1"
  integrity sha512-bYpuUlN6qYU9slzr/ltyLTR9YTBS7qUDymO8SV7kjeNext61OdmqFAzuVZom+OLW1HPHseBfJ/JfdSlx8oTUoA==

esbuild-linux-arm@0.13.15:
  version "0.13.15"
  resolved "https://registry.yarnpkg.com/esbuild-linux-arm/-/esbuild-linux-arm-0.13.15.tgz#8a00e99e6a0c6c9a6b7f334841364d8a2b4aecfe"
  integrity sha512-wUHttDi/ol0tD8ZgUMDH8Ef7IbDX+/UsWJOXaAyTdkT7Yy9ZBqPg8bgB/Dn3CZ9SBpNieozrPRHm0BGww7W/jA==

esbuild-linux-mips64le@0.13.15:
  version "0.13.15"
  resolved "https://registry.yarnpkg.com/esbuild-linux-mips64le/-/esbuild-linux-mips64le-0.13.15.tgz#36b07cc47c3d21e48db3bb1f4d9ef8f46aead4f7"
  integrity sha512-KlVjIG828uFPyJkO/8gKwy9RbXhCEUeFsCGOJBepUlpa7G8/SeZgncUEz/tOOUJTcWMTmFMtdd3GElGyAtbSWg==

esbuild-linux-ppc64le@0.13.15:
  version "0.13.15"
  resolved "https://registry.yarnpkg.com/esbuild-linux-ppc64le/-/esbuild-linux-ppc64le-0.13.15.tgz#f7e6bba40b9a11eb9dcae5b01550ea04670edad2"
  integrity sha512-h6gYF+OsaqEuBjeesTBtUPw0bmiDu7eAeuc2OEH9S6mV9/jPhPdhOWzdeshb0BskRZxPhxPOjqZ+/OqLcxQwEQ==

esbuild-netbsd-64@0.13.15:
  version "0.13.15"
  resolved "https://registry.yarnpkg.com/esbuild-netbsd-64/-/esbuild-netbsd-64-0.13.15.tgz#a2fedc549c2b629d580a732d840712b08d440038"
  integrity sha512-3+yE9emwoevLMyvu+iR3rsa+Xwhie7ZEHMGDQ6dkqP/ndFzRHkobHUKTe+NCApSqG5ce2z4rFu+NX/UHnxlh3w==

esbuild-openbsd-64@0.13.15:
  version "0.13.15"
  resolved "https://registry.yarnpkg.com/esbuild-openbsd-64/-/esbuild-openbsd-64-0.13.15.tgz#b22c0e5806d3a1fbf0325872037f885306b05cd7"
  integrity sha512-wTfvtwYJYAFL1fSs8yHIdf5GEE4NkbtbXtjLWjM3Cw8mmQKqsg8kTiqJ9NJQe5NX/5Qlo7Xd9r1yKMMkHllp5g==

esbuild-sunos-64@0.13.15:
  version "0.13.15"
  resolved "https://registry.yarnpkg.com/esbuild-sunos-64/-/esbuild-sunos-64-0.13.15.tgz#d0b6454a88375ee8d3964daeff55c85c91c7cef4"
  integrity sha512-lbivT9Bx3t1iWWrSnGyBP9ODriEvWDRiweAs69vI+miJoeKwHWOComSRukttbuzjZ8r1q0mQJ8Z7yUsDJ3hKdw==

esbuild-windows-32@0.13.15:
  version "0.13.15"
  resolved "https://registry.yarnpkg.com/esbuild-windows-32/-/esbuild-windows-32-0.13.15.tgz#c96d0b9bbb52f3303322582ef8e4847c5ad375a7"
  integrity sha512-fDMEf2g3SsJ599MBr50cY5ve5lP1wyVwTe6aLJsM01KtxyKkB4UT+fc5MXQFn3RLrAIAZOG+tHC+yXObpSn7Nw==

esbuild-windows-64@0.13.15:
  version "0.13.15"
  resolved "https://registry.yarnpkg.com/esbuild-windows-64/-/esbuild-windows-64-0.13.15.tgz#1f79cb9b1e1bb02fb25cd414cb90d4ea2892c294"
  integrity sha512-9aMsPRGDWCd3bGjUIKG/ZOJPKsiztlxl/Q3C1XDswO6eNX/Jtwu4M+jb6YDH9hRSUflQWX0XKAfWzgy5Wk54JQ==

esbuild-windows-arm64@0.13.15:
  version "0.13.15"
  resolved "https://registry.yarnpkg.com/esbuild-windows-arm64/-/esbuild-windows-arm64-0.13.15.tgz#482173070810df22a752c686509c370c3be3b3c3"
  integrity sha512-zzvyCVVpbwQQATaf3IG8mu1IwGEiDxKkYUdA4FpoCHi1KtPa13jeScYDjlW0Qh+ebWzpKfR2ZwvqAQkSWNcKjA==

esbuild@^0.13.12:
  version "0.13.15"
  resolved "https://registry.yarnpkg.com/esbuild/-/esbuild-0.13.15.tgz#db56a88166ee373f87dbb2d8798ff449e0450cdf"
  integrity sha512-raCxt02HBKv8RJxE8vkTSCXGIyKHdEdGfUmiYb8wnabnaEmHzyW7DCHb5tEN0xU8ryqg5xw54mcwnYkC4x3AIw==
  optionalDependencies:
    esbuild-android-arm64 "0.13.15"
    esbuild-darwin-64 "0.13.15"
    esbuild-darwin-arm64 "0.13.15"
    esbuild-freebsd-64 "0.13.15"
    esbuild-freebsd-arm64 "0.13.15"
    esbuild-linux-32 "0.13.15"
    esbuild-linux-64 "0.13.15"
    esbuild-linux-arm "0.13.15"
    esbuild-linux-arm64 "0.13.15"
    esbuild-linux-mips64le "0.13.15"
    esbuild-linux-ppc64le "0.13.15"
    esbuild-netbsd-64 "0.13.15"
    esbuild-openbsd-64 "0.13.15"
    esbuild-sunos-64 "0.13.15"
    esbuild-windows-32 "0.13.15"
    esbuild-windows-64 "0.13.15"
    esbuild-windows-arm64 "0.13.15"

estree-walker@^2.0.1:
  version "2.0.2"
  resolved "https://registry.npmjs.org/estree-walker/-/estree-walker-2.0.2.tgz"
  integrity sha512-Rfkk/Mp/DL7JVje3u18FxFujQlTNR2q6QfMSMB7AvCBx91NGj/ba3kCfza0f6dVDbw7YlRf/nDrn7pQrCCyQ/w==

follow-redirects@^1.14.0:
  version "1.14.4"
  resolved "https://registry.yarnpkg.com/follow-redirects/-/follow-redirects-1.14.4.tgz#838fdf48a8bbdd79e52ee51fb1c94e3ed98b9379"
  integrity sha512-zwGkiSXC1MUJG/qmeIFH2HBJx9u0V46QGUe3YR1fXG8bXQxq7fLj0RjLZQ5nubr9qNJUZrH+xUcwXEoXNpfS+g==

fsevents@~2.3.2:
  version "2.3.2"
  resolved "https://registry.yarnpkg.com/fsevents/-/fsevents-2.3.2.tgz#8a526f78b8fdf4623b709e0b975c52c24c02fd1a"
  integrity sha512-xiqMQR4xAeHTuB9uWm+fFRcIOgKBMiOBP+eXiyT7jsgVCq1bkVygt00oASowB7EdtpOHaaPgKt812P9ab+DDKA==

function-bind@^1.1.1:
  version "1.1.1"
  resolved "https://registry.npmjs.org/function-bind/-/function-bind-1.1.1.tgz"
  integrity sha512-yIovAzMX49sF8Yl58fSCWJ5svSLuaibPxXQJFLmBObTuCr0Mf1KiPopGM9NiFjiYBCbfaa2Fh6breQ6ANVTI0A==

generic-names@^2.0.1:
  version "2.0.1"
  resolved "https://registry.npmjs.org/generic-names/-/generic-names-2.0.1.tgz"
  integrity sha512-kPCHWa1m9wGG/OwQpeweTwM/PYiQLrUIxXbt/P4Nic3LbGjCP0YwrALHW1uNLKZ0LIMg+RF+XRlj2ekT9ZlZAQ==
  dependencies:
    loader-utils "^1.1.0"

has@^1.0.3:
  version "1.0.3"
  resolved "https://registry.npmjs.org/has/-/has-1.0.3.tgz"
  integrity sha512-f2dvO0VU6Oej7RkWJGrehjbzMAjFp5/VKPp5tTpWIV4JHHZK1/BxbFRtf/siA2SWTe09caDmVtYYzWEIbBS4zw==
  dependencies:
    function-bind "^1.1.1"

hash-sum@^2.0.0:
  version "2.0.0"
  resolved "https://registry.npmjs.org/hash-sum/-/hash-sum-2.0.0.tgz"
  integrity sha512-WdZTbAByD+pHfl/g9QSsBIIwy8IT+EsPiKDs0KNX+zSHhdDLFKdZu0BQHljvO+0QI/BasbMSUa8wYNCZTvhslg==

icss-replace-symbols@^1.1.0:
  version "1.1.0"
  resolved "https://registry.npmjs.org/icss-replace-symbols/-/icss-replace-symbols-1.1.0.tgz"
  integrity sha1-Bupvg2ead0njhs/h/oEq5dsiPe0=

icss-utils@^5.0.0:
  version "5.1.0"
  resolved "https://registry.npmjs.org/icss-utils/-/icss-utils-5.1.0.tgz"
  integrity sha512-soFhflCVWLfRNOPU3iv5Z9VUdT44xFRbzjLsEzSr5AQmgqPMTHdU3PMT1Cf1ssx8fLNJDA1juftYl+PUcv3MqA==

is-core-module@^2.2.0:
  version "2.3.0"
  resolved "https://registry.npmjs.org/is-core-module/-/is-core-module-2.3.0.tgz"
  integrity sha512-xSphU2KG9867tsYdLD4RWQ1VqdFl4HTO9Thf3I/3dLEfr0dbPTWKsuCKrgqMljg4nPE+Gq0VCnzT3gr0CyBmsw==
  dependencies:
    has "^1.0.3"

json5@^1.0.1:
  version "1.0.1"
  resolved "https://registry.npmjs.org/json5/-/json5-1.0.1.tgz"
  integrity sha512-aKS4WQjPenRxiQsC93MNfjx+nbF4PAdYzmd/1JIj8HYzqfbu86beTuNgXDzPknWk0n0uARlyewZo4s++ES36Ow==
  dependencies:
    minimist "^1.2.0"

loader-utils@^1.1.0:
  version "1.4.0"
  resolved "https://registry.npmjs.org/loader-utils/-/loader-utils-1.4.0.tgz"
  integrity sha512-qH0WSMBtn/oHuwjy/NucEgbx5dbxxnxup9s4PVXJUDHZBQY+s0NWA9rJf53RBnQZxfch7euUui7hpoAPvALZdA==
  dependencies:
    big.js "^5.2.2"
    emojis-list "^3.0.0"
    json5 "^1.0.1"

lodash.camelcase@^4.3.0:
  version "4.3.0"
  resolved "https://registry.npmjs.org/lodash.camelcase/-/lodash.camelcase-4.3.0.tgz"
  integrity sha1-soqmKIorn8ZRA1x3EfZathkDMaY=

lru-cache@^5.1.1:
  version "5.1.1"
  resolved "https://registry.npmjs.org/lru-cache/-/lru-cache-5.1.1.tgz"
  integrity sha512-KpNARQA3Iwv+jTA0utUVVbrh+Jlrr1Fv0e56GGzAFOXN7dk/FviaDW8LHmK52DlcH4WP2n6gI8vN1aesBFgo9w==
  dependencies:
    yallist "^3.0.2"

magic-string@^0.25.7:
  version "0.25.7"
  resolved "https://registry.npmjs.org/magic-string/-/magic-string-0.25.7.tgz"
  integrity sha512-4CrMT5DOHTDk4HYDlzmwu4FVCcIYI8gauveasrdCu2IKIFOJ3f0v/8MDGJCDL9oD2ppz/Av1b0Nj345H9M+XIA==
  dependencies:
    sourcemap-codec "^1.4.4"

merge-source-map@^1.1.0:
  version "1.1.0"
  resolved "https://registry.npmjs.org/merge-source-map/-/merge-source-map-1.1.0.tgz"
  integrity sha512-Qkcp7P2ygktpMPh2mCQZaf3jhN6D3Z/qVZHSdWvQ+2Ef5HgRAPBO57A77+ENm0CPx2+1Ce/MYKi3ymqdfuqibw==
  dependencies:
    source-map "^0.6.1"

merge@^2.1.1:
  version "2.1.1"
  resolved "https://registry.npmjs.org/merge/-/merge-2.1.1.tgz"
  integrity sha512-jz+Cfrg9GWOZbQAnDQ4hlVnQky+341Yk5ru8bZSe6sIDTCIg8n9i/u7hSQGSVOF3C7lH6mGtqjkiT9G4wFLL0w==

minimist@^1.2.0:
  version "1.2.5"
  resolved "https://registry.npmjs.org/minimist/-/minimist-1.2.5.tgz"
  integrity sha512-FM9nNUYrRBAELZQT3xeZQ7fmMOBg6nWNmJKTcgsJeaLstP/UODVpGsr5OhXhhXg6f+qtJ8uiZ+PUxkDWcgIXLw==

moment@^2.29.1:
  version "2.29.1"
  resolved "https://registry.npmjs.org/moment/-/moment-2.29.1.tgz"
  integrity sha512-kHmoybcPV8Sqy59DwNDY3Jefr64lK/by/da0ViFcuA4DH0vQg5Q6Ze5VimxkfQNSC+Mls/Kx53s7TjP1RhFEDQ==

nanoid@^3.1.30:
  version "3.1.30"
  resolved "https://registry.yarnpkg.com/nanoid/-/nanoid-3.1.30.tgz#63f93cc548d2a113dc5dfbc63bfa09e2b9b64362"
  integrity sha512-zJpuPDwOv8D2zq2WRoMe1HsfZthVewpel9CAvTfc/2mBD1uUT/agc5f7GHGWXlYkFvi1mVxe4IjvP2HNrop7nQ==

path-parse@^1.0.6:
  version "1.0.6"
  resolved "https://registry.npmjs.org/path-parse/-/path-parse-1.0.6.tgz"
  integrity sha512-GSmOT2EbHrINBf9SR7CDELwlJ8AENk3Qn7OikK4nFYAu3Ote2+JYNVvkpAEQm3/TLNEJFD/xZJjzyxg3KBWOzw==

picocolors@^1.0.0:
  version "1.0.0"
  resolved "https://registry.yarnpkg.com/picocolors/-/picocolors-1.0.0.tgz#cb5bdc74ff3f51892236eaf79d68bc44564ab81c"
  integrity sha512-1fygroTLlHu66zi26VoTDv8yRgm0Fccecssto+MhsZ0D/DGW2sm8E8AjW7NU5VVTRt5GxbeZ5qBuJr+HyLYkjQ==

postcss-modules-extract-imports@^3.0.0:
  version "3.0.0"
  resolved "https://registry.npmjs.org/postcss-modules-extract-imports/-/postcss-modules-extract-imports-3.0.0.tgz"
  integrity sha512-bdHleFnP3kZ4NYDhuGlVK+CMrQ/pqUm8bx/oGL93K6gVwiclvX5x0n76fYMKuIGKzlABOy13zsvqjb0f92TEXw==

postcss-modules-local-by-default@^4.0.0:
  version "4.0.0"
  resolved "https://registry.npmjs.org/postcss-modules-local-by-default/-/postcss-modules-local-by-default-4.0.0.tgz"
  integrity sha512-sT7ihtmGSF9yhm6ggikHdV0hlziDTX7oFoXtuVWeDd3hHObNkcHRo9V3yg7vCAY7cONyxJC/XXCmmiHHcvX7bQ==
  dependencies:
    icss-utils "^5.0.0"
    postcss-selector-parser "^6.0.2"
    postcss-value-parser "^4.1.0"

postcss-modules-scope@^3.0.0:
  version "3.0.0"
  resolved "https://registry.npmjs.org/postcss-modules-scope/-/postcss-modules-scope-3.0.0.tgz"
  integrity sha512-hncihwFA2yPath8oZ15PZqvWGkWf+XUfQgUGamS4LqoP1anQLOsOJw0vr7J7IwLpoY9fatA2qiGUGmuZL0Iqlg==
  dependencies:
    postcss-selector-parser "^6.0.4"

postcss-modules-values@^4.0.0:
  version "4.0.0"
  resolved "https://registry.npmjs.org/postcss-modules-values/-/postcss-modules-values-4.0.0.tgz"
  integrity sha512-RDxHkAiEGI78gS2ofyvCsu7iycRv7oqw5xMWn9iMoR0N/7mf9D50ecQqUo5BZ9Zh2vH4bCUR/ktCqbB9m8vJjQ==
  dependencies:
    icss-utils "^5.0.0"

postcss-modules@^4.0.0:
  version "4.0.0"
  resolved "https://registry.npmjs.org/postcss-modules/-/postcss-modules-4.0.0.tgz"
  integrity sha512-ghS/ovDzDqARm4Zj6L2ntadjyQMoyJmi0JkLlYtH2QFLrvNlxH5OAVRPWPeKilB0pY7SbuhO173KOWkPAxRJcw==
  dependencies:
    generic-names "^2.0.1"
    icss-replace-symbols "^1.1.0"
    lodash.camelcase "^4.3.0"
    postcss-modules-extract-imports "^3.0.0"
    postcss-modules-local-by-default "^4.0.0"
    postcss-modules-scope "^3.0.0"
    postcss-modules-values "^4.0.0"
    string-hash "^1.1.1"

postcss-selector-parser@^6.0.2, postcss-selector-parser@^6.0.4:
  version "6.0.5"
  resolved "https://registry.npmjs.org/postcss-selector-parser/-/postcss-selector-parser-6.0.5.tgz"
  integrity sha512-aFYPoYmXbZ1V6HZaSvat08M97A8HqO6Pjz+PiNpw/DhuRrC72XWAdp3hL6wusDCN31sSmcZyMGa2hZEuX+Xfhg==
  dependencies:
    cssesc "^3.0.0"
    util-deprecate "^1.0.2"

postcss-value-parser@^4.1.0:
  version "4.1.0"
  resolved "https://registry.npmjs.org/postcss-value-parser/-/postcss-value-parser-4.1.0.tgz"
  integrity sha512-97DXOFbQJhk71ne5/Mt6cOu6yxsSfM0QGQyl0L25Gca4yGWEGJaig7l7gbCX623VqTBNGLRLaVUCnNkcedlRSQ==

postcss@^8.1.10, postcss@^8.4.5:
  version "8.4.5"
  resolved "https://registry.yarnpkg.com/postcss/-/postcss-8.4.5.tgz#bae665764dfd4c6fcc24dc0fdf7e7aa00cc77f95"
  integrity sha512-jBDboWM8qpaqwkMwItqTQTiFikhs/67OYVvblFFTM7MrZjt6yMKd6r2kgXizEbTTljacm4NldIlZnhbjr84QYg==
  dependencies:
    nanoid "^3.1.30"
    picocolors "^1.0.0"
    source-map-js "^1.0.1"

resolve@^1.20.0:
  version "1.20.0"
  resolved "https://registry.yarnpkg.com/resolve/-/resolve-1.20.0.tgz#629a013fb3f70755d6f0b7935cc1c2c5378b1975"
  integrity sha512-wENBPt4ySzg4ybFQW2TT1zMQucPK95HSh/nq2CFTZVOGut2+pQvSsgtda4d26YrYcr067wjbmzOG8byDPBX63A==
  dependencies:
    is-core-module "^2.2.0"
    path-parse "^1.0.6"

rollup@^2.59.0:
  version "2.61.1"
  resolved "https://registry.yarnpkg.com/rollup/-/rollup-2.61.1.tgz#1a5491f84543cf9e4caf6c61222d9a3f8f2ba454"
  integrity sha512-BbTXlEvB8d+XFbK/7E5doIcRtxWPRiqr0eb5vQ0+2paMM04Ye4PZY5nHOQef2ix24l/L0SpLd5hwcH15QHPdvA==
  optionalDependencies:
    fsevents "~2.3.2"

source-map-js@^1.0.1:
  version "1.0.1"
  resolved "https://registry.yarnpkg.com/source-map-js/-/source-map-js-1.0.1.tgz#a1741c131e3c77d048252adfa24e23b908670caf"
  integrity sha512-4+TN2b3tqOCd/kaGRJ/sTYA0tR0mdXx26ipdolxcwtJVqEnqNYvlCAt1q3ypy4QMlYus+Zh34RNtYLoq2oQ4IA==

source-map@^0.6.1:
  version "0.6.1"
  resolved "https://registry.npmjs.org/source-map/-/source-map-0.6.1.tgz"
  integrity sha512-UjgapumWlbMhkBgzT7Ykc5YXUT46F0iKu8SGXq0bcwP5dz/h0Plj6enJqjz1Zbq2l5WaqYnrVbwWOWMyF3F47g==

sourcemap-codec@^1.4.4:
  version "1.4.8"
  resolved "https://registry.npmjs.org/sourcemap-codec/-/sourcemap-codec-1.4.8.tgz"
  integrity sha512-9NykojV5Uih4lgo5So5dtw+f0JgJX30KCNI8gwhz2J9A15wD0Ml6tjHKwf6fTSa6fAdVBdZeNOs9eJ71qCk8vA==

string-hash@^1.1.1:
  version "1.1.3"
  resolved "https://registry.npmjs.org/string-hash/-/string-hash-1.1.3.tgz"
  integrity sha1-6Kr8CsGFW0Zmkp7X3RJ1311sgRs=

to-fast-properties@^2.0.0:
  version "2.0.0"
  resolved "https://registry.npmjs.org/to-fast-properties/-/to-fast-properties-2.0.0.tgz"
  integrity sha1-3F5pjL0HkmW8c+A3doGk5Og/YW4=

util-deprecate@^1.0.2:
  version "1.0.2"
  resolved "https://registry.npmjs.org/util-deprecate/-/util-deprecate-1.0.2.tgz"
  integrity sha1-RQ1Nyfpw3nMnYvvS1KKJgUGaDM8=

v-scroll-lock@^1.3.1:
  version "1.3.1"
  resolved "https://registry.yarnpkg.com/v-scroll-lock/-/v-scroll-lock-1.3.1.tgz#f1db8e79af0c0337b46164faea5d1782016b3933"
  integrity sha512-t41gdxloJ0+5VzHPTi9+PjqjXMeXsM81nP1QUszMQCaLp4pfF0vcJ8aNh3UKK49Pc+RJdCbw3Kj/Z1HCSPQEyA==
  dependencies:
    body-scroll-lock "^2.6.4"

vite@^2.7.4:
  version "2.7.4"
  resolved "https://registry.yarnpkg.com/vite/-/vite-2.7.4.tgz#06f68f8909943f9fe582c26120b0c2b85894a05e"
  integrity sha512-f+0426k9R/roz5mRNwJlQ+6UOnhCwIypJSbfgCmsVzVJe9jTTM5iRX2GWYUean+iqPBWaU/dYLryx9AoH2pmrw==
  dependencies:
    esbuild "^0.13.12"
    postcss "^8.4.5"
    resolve "^1.20.0"
    rollup "^2.59.0"
  optionalDependencies:
    fsevents "~2.3.2"

vue-pagination-2@^3.0.8:
  version "3.0.9"
  resolved "https://registry.npmjs.org/vue-pagination-2/-/vue-pagination-2-3.0.9.tgz"
  integrity sha512-dFB+NBLjUrAVIabs7/1JIb2QIf8qFDo9OzlLknSalSJy2bkEwggIF5/UB3BUaqvl+V+zhOeqf8btkbK4fodfyw==
  dependencies:
    babel-plugin-add-module-exports "^0.2.1"
    merge "^2.1.1"
    vue ">=2.0.0"
    vuex "^2.0.0"

vue@>=2.0.0, vue@^3.0.5:
  version "3.0.11"
  resolved "https://registry.npmjs.org/vue/-/vue-3.0.11.tgz"
  integrity sha512-3/eUi4InQz8MPzruHYSTQPxtM3LdZ1/S/BvaU021zBnZi0laRUyH6pfuE4wtUeLvI8wmUNwj5wrZFvbHUXL9dw==
  dependencies:
    "@vue/compiler-dom" "3.0.11"
    "@vue/runtime-dom" "3.0.11"
    "@vue/shared" "3.0.11"

vuex@^2.0.0:
  version "2.5.0"
  resolved "https://registry.npmjs.org/vuex/-/vuex-2.5.0.tgz"
  integrity sha512-5oJPOJySBgSgSzoeO+gZB/BbN/XsapgIF6tz34UwJqnGZMQurzIO3B4KIBf862gfc9ya+oduY5sSkq+5/oOilQ==

yallist@^3.0.2:
  version "3.1.1"
  resolved "https://registry.npmjs.org/yallist/-/yallist-3.1.1.tgz"
  integrity sha512-a4UGQaWPH59mOXUYnAG2ewncQS4i4F43Tv3JoAM+s2VDAmS9NsK8GpDMLrCHPksFT7h3K6TOoUNn2pb7RoXx4g==
